
Microsoft Visual Studio Solution File, Format Version 12.00
# Visual Studio Version 17
VisualStudioVersion = 17.14.37111.16
MinimumVisualStudioVersion = 10.0.40219.1
Project("{FAE04EC0-301F-11D3-BF4B-00C04F79EFBC}") = "glms", "glms.csproj", "{F8D9A82C-7E18-406C-BB06-A9DEF71535BA}"
EndProject
Global
	GlobalSection(SolutionConfigurationPlatforms) = preSolution
		Debug|Any CPU = Debug|Any CPU
		Debug|x64 = Debug|x64
		Debug|x86 = Debug|x86
		Release|Any CPU = Release|Any CPU
		Release|x64 = Release|x64
		Release|x86 = Release|x86
	EndGlobalSection
	GlobalSection(ProjectConfigurationPlatforms) = postSolution
		{F8D9A82C-7E18-406C-BB06-A9DEF71535BA}.Debug|Any CPU.ActiveCfg = Debug|Any CPU
		{F8D9A82C-7E18-406C-BB06-A9DEF71535BA}.Debug|Any CPU.Build.0 = Debug|Any CPU
		{F8D9A82C-7E18-406C-BB06-A9DEF71535BA}.Debug|x64.ActiveCfg = Debug|Any CPU
		{F8D9A82C-7E18-406C-BB06-A9DEF71535BA}.Debug|x64.Build.0 = Debug|Any CPU
		{F8D9A82C-7E18-406C-BB06-A9DEF71535BA}.Debug|x86.ActiveCfg = Debug|Any CPU
		{F8D9A82C-7E18-406C-BB06-A9DEF71535BA}.Debug|x86.Build.0 = Debug|Any CPU
		{F8D9A82C-7E18-406C-BB06-A9DEF71535BA}.Release|Any CPU.ActiveCfg = Release|Any CPU
		{F8D9A82C-7E18-406C-BB06-A9DEF71535BA}.Release|Any CPU.Build.0 = Release|Any CPU
		{F8D9A82C-7E18-406C-BB06-A9DEF71535BA}.Release|x64.ActiveCfg = Release|Any CPU
		{F8D9A82C-7E18-406C-BB06-A9DEF71535BA}.Release|x64.Build.0 = Release|Any CPU
		{F8D9A82C-7E18-406C-BB06-A9DEF71535BA}.Release|x86.ActiveCfg = Release|Any CPU
		{F8D9A82C-7E18-406C-BB06-A9DEF71535BA}.Release|x86.Build.0 = Release|Any CPU
	EndGlobalSection
	GlobalSection(SolutionProperties) = preSolution
		HideSolutionNode = FALSE
	EndGlobalSection
	GlobalSection(ExtensibilityGlobals) = postSolution
		SolutionGuid = {928ECED1-C345-4408-8914-4BFDDDB34AF4}
	EndGlobalSection
EndGlobal
